{
    "_readme": [
        "This file locks the dependencies of your project to a known state",
        "Read more about it at http://getcomposer.org/doc/01-basic-usage.md#composer-lock-the-lock-file",
        "This file is @generated automatically"
    ],
    "hash": "6e7496f371817093c70482053374f3d7",
    "packages": [
        {
            "name": "components/bootstrap",
            "version": "2.3.2",
            "source": {
                "type": "git",
                "url": "https://github.com/components/bootstrap.git",
                "reference": "4e517c991623b3bd913e2becd44831b2c9b0be90"
            },
            "dist": {
                "type": "zip",
                "url": "https://api.github.com/repos/components/bootstrap/zipball/4e517c991623b3bd913e2becd44831b2c9b0be90",
                "reference": "4e517c991623b3bd913e2becd44831b2c9b0be90",
                "shasum": ""
            },
            "require": {
                "components/jquery": "*"
            },
            "suggest": {
                "components/bootstrap-default": "Provide a theme for Bootstrap as components/bootstrap only provides the CSS as file assets"
            },
            "type": "component",
            "extra": {
                "component": {
                    "scripts": [
                        "js/bootstrap.js"
                    ],
                    "files": [
                        "js/bootstrap.min.js",
                        "css/*.css",
                        "img/*.png"
                    ],
                    "shim": {
                        "deps": [
                            "jquery"
                        ]
                    }
                }
            },
            "notification-url": "https://packagist.org/downloads/",
            "license": [
                "Apache-2.0"
            ],
            "authors": [
                {
                    "name": "Twitter, Inc"
                }
            ],
            "description": "Sleek, intuitive, and powerful front-end framework for faster and easier web development.",
            "homepage": "http://twitter.github.com/bootstrap/",
            "keywords": [
                "bootstrap",
                "css"
            ],
            "time": "2013-07-18 20:01:48"
        },
        {
            "name": "components/highlightjs",
            "version": "7.3.0",
            "source": {
                "type": "git",
                "url": "https://github.com/components/highlightjs.git",
                "reference": "60f5b260c3ae12578f7241e15e8102e9b65c4d3b"
            },
            "dist": {
                "type": "zip",
                "url": "https://api.github.com/repos/components/highlightjs/zipball/60f5b260c3ae12578f7241e15e8102e9b65c4d3b",
                "reference": "60f5b260c3ae12578f7241e15e8102e9b65c4d3b",
                "shasum": ""
            },
            "require": {
                "robloach/component-installer": "*"
            },
            "type": "component",
            "extra": {
                "component": {
                    "scripts": [
                        "highlight.pack.js"
                    ],
                    "files": [
                        "styles/*"
                    ],
                    "shim": {
                        "exports": "hljs"
                    }
                }
            },
            "notification-url": "https://packagist.org/downloads/",
            "license": [
                "BSD-3-Clause"
            ],
            "authors": [
                {
                    "name": "Ivan Sagalaev",
                    "email": "maniac@softwaremaniacs.org",
                    "homepage": "http://softwaremaniacs.org"
                }
            ],
            "description": "Highlight.js highlights syntax in code examples on blogs, forums and in fact on any web pages.",
            "time": "2013-04-24 15:11:49"
        },
        {
            "name": "components/jquery",
            "version": "1.9.1",
            "source": {
                "type": "git",
                "url": "https://github.com/components/jquery.git",
                "reference": "0e94233e6a4ab678d8fc04312241b2f840717b0c"
            },
            "dist": {
                "type": "zip",
                "url": "https://api.github.com/repos/components/jquery/zipball/0e94233e6a4ab678d8fc04312241b2f840717b0c",
                "reference": "0e94233e6a4ab678d8fc04312241b2f840717b0c",
                "shasum": ""
            },
            "require": {
                "robloach/component-installer": "*"
            },
            "type": "component",
            "extra": {
                "component": {
                    "scripts": [
                        "jquery.js"
                    ],
                    "files": [
                        "jquery.min.js",
                        "jquery-migrate.js",
                        "jquery-migrate.min.js"
                    ]
                }
            },
            "notification-url": "https://packagist.org/downloads/",
            "license": [
                "MIT"
            ],
            "authors": [
                {
                    "name": "John Resig",
                    "email": "jeresig@gmail.com",
                    "homepage": "http://ejohn.org/"
                }
            ],
            "description": "jQuery JavaScript Library",
            "homepage": "http://jquery.com",
            "time": "2013-07-16 10:41:05"
        },
        {
            "name": "kriswallsmith/assetic",
            "version": "v1.3.0",
            "source": {
                "type": "git",
                "url": "https://github.com/kriswallsmith/assetic.git",
                "reference": "56cb5d6dec9e7a68a4da2fa89844f39d41092f31"
            },
            "dist": {
                "type": "zip",
                "url": "https://api.github.com/repos/kriswallsmith/assetic/zipball/56cb5d6dec9e7a68a4da2fa89844f39d41092f31",
                "reference": "56cb5d6dec9e7a68a4da2fa89844f39d41092f31",
                "shasum": ""
            },
            "require": {
                "php": ">=5.3.1",
                "symfony/process": "~2.1"
            },
            "conflict": {
                "twig/twig": "<1.12"
            },
            "require-dev": {
                "cssmin/cssmin": "*",
                "joliclic/javascript-packer": "*",
                "kamicane/packager": "*",
                "leafo/lessphp": "^0.3.7",
                "leafo/scssphp": "*@dev",
                "leafo/scssphp-compass": "*@dev",
                "mrclay/minify": "*",
                "patchwork/jsqueeze": "~1.0|~2.0",
                "phpunit/phpunit": "~4.8",
                "psr/log": "~1.0",
                "ptachoire/cssembed": "*",
                "symfony/phpunit-bridge": "~2.7",
                "twig/twig": "~1.8|~2.0"
            },
            "suggest": {
                "leafo/lessphp": "Assetic provides the integration with the lessphp LESS compiler",
                "leafo/scssphp": "Assetic provides the integration with the scssphp SCSS compiler",
                "leafo/scssphp-compass": "Assetic provides the integration with the SCSS compass plugin",
                "patchwork/jsqueeze": "Assetic provides the integration with the JSqueeze JavaScript compressor",
                "ptachoire/cssembed": "Assetic provides the integration with phpcssembed to embed data uris",
                "twig/twig": "Assetic provides the integration with the Twig templating engine"
            },
            "type": "library",
            "extra": {
                "branch-alias": {
                    "dev-master": "1.3-dev"
                }
            },
            "autoload": {
                "psr-0": {
                    "Assetic": "src/"
                },
                "files": [
                    "src/functions.php"
                ]
            },
            "notification-url": "https://packagist.org/downloads/",
            "license": [
                "MIT"
            ],
            "authors": [
                {
                    "name": "Kris Wallsmith",
                    "email": "kris.wallsmith@gmail.com",
                    "homepage": "http://kriswallsmith.net/"
                }
            ],
            "description": "Asset Management for PHP",
            "homepage": "https://github.com/kriswallsmith/assetic",
            "keywords": [
                "assets",
                "compression",
                "minification"
            ],
            "time": "2015-08-31 19:07:16"
        },
        {
            "name": "robloach/component-installer",
            "version": "0.2.3",
            "source": {
                "type": "git",
                "url": "https://github.com/RobLoach/component-installer.git",
                "reference": "908a859aa7c4949ba9ad67091e67bac10b66d3d7"
            },
            "dist": {
                "type": "zip",
                "url": "https://api.github.com/repos/RobLoach/component-installer/zipball/908a859aa7c4949ba9ad67091e67bac10b66d3d7",
                "reference": "908a859aa7c4949ba9ad67091e67bac10b66d3d7",
                "shasum": ""
            },
            "require": {
                "composer-plugin-api": "^1.0",
                "kriswallsmith/assetic": "1.*",
                "php": ">=5.3.2"
            },
            "require-dev": {
                "composer/composer": "1.*@alpha",
                "phpunit/phpunit": "4.*"
            },
            "type": "composer-plugin",
            "extra": {
                "branch-alias": {
                    "dev-master": "1.0.x-dev"
                },
                "class": "ComponentInstaller\\ComponentInstallerPlugin"
            },
            "autoload": {
                "psr-0": {
                    "ComponentInstaller": "src/"
                }
            },
            "notification-url": "https://packagist.org/downloads/",
            "license": [
                "MIT"
            ],
            "authors": [
                {
                    "name": "Rob Loach",
                    "homepage": "http://robloach.net"
                }
            ],
            "description": "Allows installation of Components via Composer.",
            "time": "2015-08-10 12:35:38"
        }
    ],
    "packages-dev": [],
    "aliases": [],
    "minimum-stability": "stable",
    "stability-flags": [],
    "prefer-stable": false,
    "prefer-lowest": false,
    "platform": [],
    "platform-dev": []
}
